github.com/Liza-Developer/mcapi2 v0.0.0-20211107161041-4c762542c971 h1:aDL1THTT80wF8CF0xhOqlfRbmJSPDJc84YtI+4gW9FM=
github.com/Liza-Developer/mcapi2 v0.0.0-20211107161041-4c762542c971/go.mod h1:m30CRVZ7q6ILl39XdIg5Mc1ntsmkjvDyelWSJO2eqwY=
github.com/Liza-Developer/mcapi2 v0.0.0-20211107172515-fdef1b89fee5 h1:oyMD5KLDR/7WpNvETKd/W+MSQbfpyV+YmJcdQHIeIz8=
github.com/Liza-Developer/mcapi2 v0.0.0-20211107172515-fdef1b89fee5/go.mod h1:m30CRVZ7q6ILl39XdIg5Mc1ntsmkjvDyelWSJO2eqwY=
