github.com/6uf/apiGO v0.0.0-20220424191353-0a77bfdb14e3 h1:XN07xl5/gBeSgdg9DJmnY2v5nXMm+oFyTg0ct5qef1M=
github.com/6uf/apiGO v0.0.0-20220424191353-0a77bfdb14e3/go.mod h1:zZspvUWIMvgK8olcEVxeJQXS8l5UWjVRZVwQpPVCvpw=
github.com/6uf/apiGO v0.0.0-20220426235802-314bd8f31bae h1:IyXCNCgIsbeN5GKk2giRy+875gDAFXXSYuv2Fr5mJQQ=
github.com/6uf/apiGO v0.0.0-20220426235802-314bd8f31bae/go.mod h1:zZspvUWIMvgK8olcEVxeJQXS8l5UWjVRZVwQpPVCvpw=
github.com/6uf/apiGO v0.0.0-20220427001902-5f48a7a3ef0d h1:NTQi3DgsQ9LKimNeTo3uXnjknxqbWRs2FRToZKXqzqA=
github.com/6uf/apiGO v0.0.0-20220427001902-5f48a7a3ef0d/go.mod h1:zZspvUWIMvgK8olcEVxeJQXS8l5UWjVRZVwQpPVCvpw=
github.com/6uf/apiGO v0.0.0-20220427002503-1bed4953829c h1:4WibFd0Jj86A5ea9+lKuWjeY4TUeOfLguMz7EyxKytE=
github.com/6uf/apiGO v0.0.0-20220427002503-1bed4953829c/go.mod h1:zZspvUWIMvgK8olcEVxeJQXS8l5UWjVRZVwQpPVCvpw=
github.com/6uf/apiGO v0.0.0-20220427003222-19f4e4138144 h1:K3A39+nvoSWR77ibANB0Qu+H0OT1M07QZEyd+oaTCmQ=
github.com/6uf/apiGO v0.0.0-20220427003222-19f4e4138144/go.mod h1:zZspvUWIMvgK8olcEVxeJQXS8l5UWjVRZVwQpPVCvpw=
github.com/6uf/apiGO v0.0.0-20220427003632-fd792891567e h1:puv6tLZH7Pi0p+L40kXs7wCSUVyenoUg4BqGUjNQ5N0=
github.com/6uf/apiGO v0.0.0-20220427003632-fd792891567e/go.mod h1:zZspvUWIMvgK8olcEVxeJQXS8l5UWjVRZVwQpPVCvpw=
github.com/6uf/apiGO v0.0.0-20220427004503-5b45f729a486 h1:wbCzlWmqoie/NeyDZr4gU4ILLyLsNdI+1tPKQoB0Jes=
github.com/6uf/apiGO v0.0.0-20220427004503-5b45f729a486/go.mod h1:zZspvUWIMvgK8olcEVxeJQXS8l5UWjVRZVwQpPVCvpw=
github.com/6uf/apiGO v0.0.0-20220427004901-ac4a0c47eebc h1:uLkdxs+eJ2MueNCoLricZFvYi4sDgsLSmBfZtOdOiHk=
github.com/6uf/apiGO v0.0.0-20220427004901-ac4a0c47eebc/go.mod h1:zZspvUWIMvgK8olcEVxeJQXS8l5UWjVRZVwQpPVCvpw=
github.com/BurntSushi/toml v0.3.1/go.mod h1:xHWCNGjB5oqiDr8zfno3MHue2Ht5sIBksp03qcyfWMU=
github.com/cpuguy83/go-md2man/v2 v2.0.1 h1:r/myEWzV9lfsM1tFLgDyu0atFtJ1fXn261LKYj/3DxU=
github.com/cpuguy83/go-md2man/v2 v2.0.1/go.mod h1:tgQtvFlXSQOSOSIRvRPT7W67SCa46tRHOmNcaadrF8o=
github.com/davecgh/go-spew v1.1.0 h1:ZDRjVQ15GmhC3fiQ8ni8+OwkZQO4DARzQgrnXU1Liz8=
github.com/davecgh/go-spew v1.1.0/go.mod h1:J7Y8YcW2NihsgmVo/mv3lAwl/skON4iLHjSsI+c5H38=
github.com/disintegration/imaging v1.6.2 h1:w1LecBlG2Lnp8B3jk5zSuNqd7b4DXhcjwek1ei82L+c=
github.com/disintegration/imaging v1.6.2/go.mod h1:44/5580QXChDfwIclfc/PCwrr44amcmDAg8hxG0Ewe4=
github.com/go-resty/resty/v2 v2.7.0 h1:me+K9p3uhSmXtrBZ4k9jcEAfJmuC8IivWHwaLZwPrFY=
github.com/go-resty/resty/v2 v2.7.0/go.mod h1:9PWDzw47qPphMRFfhsyk0NnSgvluHcljSMVIq3w7q0I=
github.com/iskaa02/qalam v0.2.4 h1:16HfwaVs8G5RSaZAp0T/0biKeczmbsFkUCypXhvJ7S0=
github.com/iskaa02/qalam v0.2.4/go.mod h1:BRa4ht8cMjl27tNzhtuach90dBTma5seOzjpMGA5MY4=
github.com/lucasb-eyer/go-colorful v1.0.3 h1:QIbQXiugsb+q10B+MI+7DI1oQLdmnep86tWFlaaUAac=
github.com/lucasb-eyer/go-colorful v1.0.3/go.mod h1:R4dSotOR9KMtayYi1e77YzuveK+i7ruzyGqttikkLy0=
github.com/mazznoer/colorgrad v0.8.1 h1:Bw/ks+KujOOg9E6YQvPqSqTLryiFnwliAH5VMZarSTI=
github.com/mazznoer/colorgrad v0.8.1/go.mod h1:xCjvoNkXHJIAPOUMSMrXkFdxTGQqk8zMYS3e5hSLghA=
github.com/mazznoer/csscolorparser v0.1.0 h1:xUf1uzU1r24JleIIb2Kz3bl7vATStxy53gm67yuPP+c=
github.com/mazznoer/csscolorparser v0.1.0/go.mod h1:Aj22+L/rYN/Y6bj3bYqO3N6g1dtdHtGfQ32xZ5PJQic=
github.com/nfnt/resize v0.0.0-20180221191011-83c6a9932646 h1:zYyBkD/k9seD2A7fsi6Oo2LfFZAehjjQMERAvZLEDnQ=
github.com/nfnt/resize v0.0.0-20180221191011-83c6a9932646/go.mod h1:jpp1/29i3P1S/RLdc7JQKbRpFeM1dOBd8T9ki5s+AY8=
github.com/pmezard/go-difflib v1.0.0 h1:4DBwDE0NGyQoBHbLQYPwSUPoCMWR5BEzIk/f1lZbAQM=
github.com/pmezard/go-difflib v1.0.0/go.mod h1:iKH77koFhYxTK1pcRnkKkqfTogsbg7gZNVY4sRDYZ/4=
github.com/russross/blackfriday/v2 v2.1.0 h1:JIOH55/0cWyOuilr9/qlrm0BSXldqnqwMsf35Ld67mk=
github.com/russross/blackfriday/v2 v2.1.0/go.mod h1:+Rmxgy9KzJVeS9/2gXHxylqXiyQDYRxCVz55jmeOWTM=
github.com/stretchr/objx v0.1.0/go.mod h1:HFkY916IF+rwdDfMAkV7OtwuqBVzrE8GR6GFx+wExME=
github.com/stretchr/testify v1.7.0 h1:nwc3DEeHmmLAfoZucVR881uASk0Mfjw8xYJ99tb5CcY=
github.com/stretchr/testify v1.7.0/go.mod h1:6Fq8oRcR53rry900zMqJjRRixrwX3KX962/h/Wwjteg=
github.com/urfave/cli/v2 v2.4.0 h1:m2pxjjDFgDxSPtO8WSdbndj17Wu2y8vOT86wE/tjr+I=
github.com/urfave/cli/v2 v2.4.0/go.mod h1:NX9W0zmTvedE5oDoOMs2RTC8RvdK98NTYZE5LbaEYPg=
golang.org/x/image v0.0.0-20191009234506-e7c1f5e7dbb8 h1:hVwzHzIUGRjiF7EcUjqNxk3NCfkPxbDKRdnNE1Rpg0U=
golang.org/x/image v0.0.0-20191009234506-e7c1f5e7dbb8/go.mod h1:FeLwcggjj3mMvU+oOTbSwawSJRM1uh48EjtB4UJZlP0=
golang.org/x/net v0.0.0-20211029224645-99673261e6eb/go.mod h1:9nx3DQGgdP8bBQD5qxJ1jj9UTztislL4KSBs9R2vV5Y=
golang.org/x/net v0.0.0-20220421235706-1d1ef9303861 h1:yssD99+7tqHWO5Gwh81phT+67hg+KttniBr6UnEXOY8=
golang.org/x/net v0.0.0-20220421235706-1d1ef9303861/go.mod h1:CfG3xpIq0wQ8r1q4Su4UZFWDARRcnwPjda9FqA0JpMk=
golang.org/x/net v0.0.0-20220425223048-2871e0cb64e4 h1:HVyaeDAYux4pnY+D/SiwmLOR36ewZ4iGQIIrtnuCjFA=
golang.org/x/net v0.0.0-20220425223048-2871e0cb64e4/go.mod h1:CfG3xpIq0wQ8r1q4Su4UZFWDARRcnwPjda9FqA0JpMk=
golang.org/x/sys v0.0.0-20201119102817-f84b799fce68/go.mod h1:h1NjWce9XRLGQEsW7wpKNCjG9DtNlClVuFLEZdDNbEs=
golang.org/x/sys v0.0.0-20210423082822-04245dca01da/go.mod h1:h1NjWce9XRLGQEsW7wpKNCjG9DtNlClVuFLEZdDNbEs=
golang.org/x/sys v0.0.0-20210615035016-665e8c7367d1/go.mod h1:oPkhp1MJrh7nUepCBck5+mAzfO9JrbApNNgaTdGDITg=
golang.org/x/sys v0.0.0-20211216021012-1d35b9e2eb4e/go.mod h1:oPkhp1MJrh7nUepCBck5+mAzfO9JrbApNNgaTdGDITg=
golang.org/x/term v0.0.0-20201126162022-7de9c90e9dd1/go.mod h1:bj7SfCRtBDWHUb9snDiAeCFNEtKQo2Wmx5Cou7ajbmo=
golang.org/x/term v0.0.0-20210927222741-03fcf44c2211/go.mod h1:jbD1KX2456YbFQfuXm/mYQcufACuNUgVhRMnK/tPxf8=
golang.org/x/text v0.3.0/go.mod h1:NqM8EUOU14njkJ3fqMW+pc6Ldnwhi/IjpwHt7yyuwOQ=
golang.org/x/text v0.3.6/go.mod h1:5Zoc/QRtKVWzQhOtBMvqHzDpF6irO9z98xDceosuGiQ=
golang.org/x/text v0.3.7/go.mod h1:u+2+/6zg+i71rQMx5EYifcz6MCKuco9NR6JIITiCfzQ=
golang.org/x/tools v0.0.0-20180917221912-90fa682c2a6e/go.mod h1:n7NCudcB/nEzxVGmLbDWY5pfWTLqBcC2KZ6jyYvM4mQ=
gopkg.in/check.v1 v0.0.0-20161208181325-20d25e280405/go.mod h1:Co6ibVJAznAaIkqp8huTwlJQCZ016jof/cbN4VW5Yz0=
gopkg.in/yaml.v2 v2.2.8/go.mod h1:hI93XBmqTisBFMUTm0b8Fm+jr3Dg1NNxqwp+5A1VGuI=
gopkg.in/yaml.v3 v3.0.0-20200313102051-9f266ea9e77c h1:dUUwHk2QECo/6vqA44rthZ8ie2QXMNeKRTHCNY2nXvo=
gopkg.in/yaml.v3 v3.0.0-20200313102051-9f266ea9e77c/go.mod h1:K4uyk7z7BCEPqu6E+C64Yfv1cQ7kz7rIZviUmN+EgEM=
